
Microsoft Visual Studio Solution File, Format Version 12.00
Project("{FAE04EC0-301F-11D3-BF4B-00C04F79EFBC}") = "Staffy.WebAPI", "Staffy.WebAPI\Staffy.WebAPI.csproj", "{C78E3DC6-8F50-4222-A137-753B8B7ACB36}"
EndProject
Project("{FAE04EC0-301F-11D3-BF4B-00C04F79EFBC}") = "Staffy.Bll", "Staffy.Bll\Staffy.Bll.csproj", "{4A28EFF5-B747-4273-9717-E5C80CEEEEF6}"
EndProject
Project("{FAE04EC0-301F-11D3-BF4B-00C04F79EFBC}") = "Staffy.Dal", "Staffy.Dal\Staffy.Dal.csproj", "{503EDF1F-FC20-4D9D-9FE2-5AE7AA2ECC06}"
EndProject
Global
	GlobalSection(SolutionConfigurationPlatforms) = preSolution
		Debug|Any CPU = Debug|Any CPU
		Release|Any CPU = Release|Any CPU
	EndGlobalSection
	GlobalSection(ProjectConfigurationPlatforms) = postSolution
		{C78E3DC6-8F50-4222-A137-753B8B7ACB36}.Debug|Any CPU.ActiveCfg = Debug|Any CPU
		{C78E3DC6-8F50-4222-A137-753B8B7ACB36}.Debug|Any CPU.Build.0 = Debug|Any CPU
		{C78E3DC6-8F50-4222-A137-753B8B7ACB36}.Release|Any CPU.ActiveCfg = Release|Any CPU
		{C78E3DC6-8F50-4222-A137-753B8B7ACB36}.Release|Any CPU.Build.0 = Release|Any CPU
		{4A28EFF5-B747-4273-9717-E5C80CEEEEF6}.Debug|Any CPU.ActiveCfg = Debug|Any CPU
		{4A28EFF5-B747-4273-9717-E5C80CEEEEF6}.Debug|Any CPU.Build.0 = Debug|Any CPU
		{4A28EFF5-B747-4273-9717-E5C80CEEEEF6}.Release|Any CPU.ActiveCfg = Release|Any CPU
		{4A28EFF5-B747-4273-9717-E5C80CEEEEF6}.Release|Any CPU.Build.0 = Release|Any CPU
		{503EDF1F-FC20-4D9D-9FE2-5AE7AA2ECC06}.Debug|Any CPU.ActiveCfg = Debug|Any CPU
		{503EDF1F-FC20-4D9D-9FE2-5AE7AA2ECC06}.Debug|Any CPU.Build.0 = Debug|Any CPU
		{503EDF1F-FC20-4D9D-9FE2-5AE7AA2ECC06}.Release|Any CPU.ActiveCfg = Release|Any CPU
		{503EDF1F-FC20-4D9D-9FE2-5AE7AA2ECC06}.Release|Any CPU.Build.0 = Release|Any CPU
	EndGlobalSection
EndGlobal
